{
  "name": "BookShop",
  "lockfileVersion": 3,
  "requires": true,
  "packages": {
    "": {
      "dependencies": {
        "framer-motion": "^11.5.4"
      }
    },
    "node_modules/framer-motion": {
      "version": "11.5.4",
      "resolved": "https://registry.npmjs.org/framer-motion/-/framer-motion-11.5.4.tgz",
      "integrity": "sha512-E+tb3/G6SO69POkdJT+3EpdMuhmtCh9EWuK4I1DnIC23L7tFPrl8vxP+LSovwaw6uUr73rUbpb4FgK011wbRJQ==",
      "dependencies": {
        "tslib": "^2.4.0"
      },
      "peerDependencies": {
        "@emotion/is-prop-valid": "*",
        "react": "^18.0.0",
        "react-dom": "^18.0.0"
      },
      "peerDependenciesMeta": {
        "@emotion/is-prop-valid": {
          "optional": true
        },
        "react": {
          "optional": true
        },
        "react-dom": {
          "optional": true
        }
      }
    },
    "node_modules/tslib": {
      "version": "2.7.0",
      "resolved": "https://registry.npmjs.org/tslib/-/tslib-2.7.0.tgz",
      "integrity": "sha512-gLXCKdN1/j47AiHiOkJN69hJmcbGTHI0ImLmbYLHykhgeN0jVGola9yVjFgzCUklsZQMW55o+dW7IXv3RCXDzA=="
    }
  }
}
